{
  "name": "inotify",
  "version": "1.0.0",
  "lockfileVersion": 1,
  "requires": true,
  "dependencies": {
    "inotifywait": {
      "version": "1.8.3",
      "resolved": "https://registry.npmjs.org/inotifywait/-/inotifywait-1.8.3.tgz",
      "integrity": "sha1-Fu3/PxXnlV1fUci3aaImmNesqwU=",
      "requires": {
        "lazy": "1.0.11"
      }
    },
    "lazy": {
      "version": "1.0.11",
      "resolved": "https://registry.npmjs.org/lazy/-/lazy-1.0.11.tgz",
      "integrity": "sha1-2qBoIGKCVCwIgojpdcKXwa53tpA="
    }
  }
}
